
Microsoft Visual Studio Solution File, Format Version 12.00
# Visual Studio Version 17
VisualStudioVersion = 17.8.34316.72
MinimumVisualStudioVersion = 10.0.40219.1
Project("{9A19103F-16F7-4668-BE54-9A1E7A4F7556}") = "Assgn", "Assgn\Assgn.csproj", "{D27F7D87-47AC-47E8-A323-233AB7F47A76}"
EndProject
Project("{FAE04EC0-301F-11D3-BF4B-00C04F79EFBC}") = "SortTest", "SortTest\SortTest.csproj", "{537070B6-EBDF-469E-B142-A22FF2F4CDF7}"
EndProject
Global
	GlobalSection(SolutionConfigurationPlatforms) = preSolution
		Debug|Any CPU = Debug|Any CPU
		Release|Any CPU = Release|Any CPU
	EndGlobalSection
	GlobalSection(ProjectConfigurationPlatforms) = postSolution
		{D27F7D87-47AC-47E8-A323-233AB7F47A76}.Debug|Any CPU.ActiveCfg = Debug|Any CPU
		{D27F7D87-47AC-47E8-A323-233AB7F47A76}.Debug|Any CPU.Build.0 = Debug|Any CPU
		{D27F7D87-47AC-47E8-A323-233AB7F47A76}.Release|Any CPU.ActiveCfg = Release|Any CPU
		{D27F7D87-47AC-47E8-A323-233AB7F47A76}.Release|Any CPU.Build.0 = Release|Any CPU
		{537070B6-EBDF-469E-B142-A22FF2F4CDF7}.Debug|Any CPU.ActiveCfg = Debug|Any CPU
		{537070B6-EBDF-469E-B142-A22FF2F4CDF7}.Debug|Any CPU.Build.0 = Debug|Any CPU
		{537070B6-EBDF-469E-B142-A22FF2F4CDF7}.Release|Any CPU.ActiveCfg = Release|Any CPU
		{537070B6-EBDF-469E-B142-A22FF2F4CDF7}.Release|Any CPU.Build.0 = Release|Any CPU
	EndGlobalSection
	GlobalSection(SolutionProperties) = preSolution
		HideSolutionNode = FALSE
	EndGlobalSection
	GlobalSection(ExtensibilityGlobals) = postSolution
		SolutionGuid = {AB68AB1A-ED84-46E7-B4EE-BD093783281E}
	EndGlobalSection
EndGlobal
